
Microsoft Visual Studio Solution File, Format Version 12.00
# Visual Studio Version 17
VisualStudioVersion = 17.1.32319.34
MinimumVisualStudioVersion = 10.0.40219.1
Project("{FAE04EC0-301F-11D3-BF4B-00C04F79EFBC}") = "AESSample", "AESSample\AESSample.csproj", "{109D801F-DF39-410C-96D8-13365BA5BB9E}"
EndProject
Global
	GlobalSection(SolutionConfigurationPlatforms) = preSolution
		Debug|Any CPU = Debug|Any CPU
		Release|Any CPU = Release|Any CPU
	EndGlobalSection
	GlobalSection(ProjectConfigurationPlatforms) = postSolution
		{109D801F-DF39-410C-96D8-13365BA5BB9E}.Debug|Any CPU.ActiveCfg = Debug|Any CPU
		{109D801F-DF39-410C-96D8-13365BA5BB9E}.Debug|Any CPU.Build.0 = Debug|Any CPU
		{109D801F-DF39-410C-96D8-13365BA5BB9E}.Release|Any CPU.ActiveCfg = Release|Any CPU
		{109D801F-DF39-410C-96D8-13365BA5BB9E}.Release|Any CPU.Build.0 = Release|Any CPU
	EndGlobalSection
	GlobalSection(SolutionProperties) = preSolution
		HideSolutionNode = FALSE
	EndGlobalSection
	GlobalSection(ExtensibilityGlobals) = postSolution
		SolutionGuid = {33A44112-8EA0-47A7-8FC2-D72819B76E39}
	EndGlobalSection
EndGlobal
